
Microsoft Visual Studio Solution File, Format Version 12.00
# Visual Studio 14
VisualStudioVersion = 14.0.25420.1
MinimumVisualStudioVersion = 10.0.40219.1
Project("{FAE04EC0-301F-11D3-BF4B-00C04F79EFBC}") = "ViberAPI", "ViberAPI\ViberAPI.csproj", "{2C597EF8-E507-48FB-A7DB-59FF88489618}"
EndProject
Project("{FAE04EC0-301F-11D3-BF4B-00C04F79EFBC}") = "Web", "Web\Web.csproj", "{EB054A82-8B7B-4C28-AF09-1DDBFB80E853}"
EndProject
Global
	GlobalSection(SolutionConfigurationPlatforms) = preSolution
		Debug|Any CPU = Debug|Any CPU
		Release|Any CPU = Release|Any CPU
	EndGlobalSection
	GlobalSection(ProjectConfigurationPlatforms) = postSolution
		{2C597EF8-E507-48FB-A7DB-59FF88489618}.Debug|Any CPU.ActiveCfg = Debug|Any CPU
		{2C597EF8-E507-48FB-A7DB-59FF88489618}.Debug|Any CPU.Build.0 = Debug|Any CPU
		{2C597EF8-E507-48FB-A7DB-59FF88489618}.Release|Any CPU.ActiveCfg = Release|Any CPU
		{2C597EF8-E507-48FB-A7DB-59FF88489618}.Release|Any CPU.Build.0 = Release|Any CPU
		{EB054A82-8B7B-4C28-AF09-1DDBFB80E853}.Debug|Any CPU.ActiveCfg = Debug|Any CPU
		{EB054A82-8B7B-4C28-AF09-1DDBFB80E853}.Debug|Any CPU.Build.0 = Debug|Any CPU
		{EB054A82-8B7B-4C28-AF09-1DDBFB80E853}.Release|Any CPU.ActiveCfg = Release|Any CPU
		{EB054A82-8B7B-4C28-AF09-1DDBFB80E853}.Release|Any CPU.Build.0 = Release|Any CPU
	EndGlobalSection
	GlobalSection(SolutionProperties) = preSolution
		HideSolutionNode = FALSE
	EndGlobalSection
EndGlobal
